
Microsoft Visual Studio Solution File, Format Version 12.00
# Visual Studio Version 17
VisualStudioVersion = 17.11.35431.28
MinimumVisualStudioVersion = 10.0.40219.1
Project("{FAE04EC0-301F-11D3-BF4B-00C04F79EFBC}") = "Authentication", "Authentication\Authentication.csproj", "{8171179D-D46F-4766-A6BF-C244F7583AEF}"
EndProject
Global
	GlobalSection(SolutionConfigurationPlatforms) = preSolution
		Debug|Any CPU = Debug|Any CPU
		Release|Any CPU = Release|Any CPU
	EndGlobalSection
	GlobalSection(ProjectConfigurationPlatforms) = postSolution
		{8171179D-D46F-4766-A6BF-C244F7583AEF}.Debug|Any CPU.ActiveCfg = Debug|Any CPU
		{8171179D-D46F-4766-A6BF-C244F7583AEF}.Debug|Any CPU.Build.0 = Debug|Any CPU
		{8171179D-D46F-4766-A6BF-C244F7583AEF}.Release|Any CPU.ActiveCfg = Release|Any CPU
		{8171179D-D46F-4766-A6BF-C244F7583AEF}.Release|Any CPU.Build.0 = Release|Any CPU
	EndGlobalSection
	GlobalSection(SolutionProperties) = preSolution
		HideSolutionNode = FALSE
	EndGlobalSection
	GlobalSection(ExtensibilityGlobals) = postSolution
		SolutionGuid = {817E546C-D43B-4925-98D5-C35DEEC383C3}
	EndGlobalSection
EndGlobal
